
Microsoft Visual Studio Solution File, Format Version 12.00
# Visual Studio Version 17
VisualStudioVersion = 17.12.35707.178
MinimumVisualStudioVersion = 10.0.40219.1
Project("{FAE04EC0-301F-11D3-BF4B-00C04F79EFBC}") = "Api", "Api\Api.csproj", "{CCADEABD-08DC-4CE0-BB4D-B13C3F6CC9BC}"
EndProject
Project("{FAE04EC0-301F-11D3-BF4B-00C04F79EFBC}") = "Infra.MessageBus", "MessageBus\Infra.MessageBus.csproj", "{581491DF-13D3-47B4-809C-1EBD40BE4C4C}"
EndProject
Project("{FAE04EC0-301F-11D3-BF4B-00C04F79EFBC}") = "Application", "Application\Application.csproj", "{C4285509-8F85-49CE-8BB5-1E653321026B}"
EndProject
Project("{FAE04EC0-301F-11D3-BF4B-00C04F79EFBC}") = "Domain", "Domain\Domain.csproj", "{4E83BA2E-55AB-4BDA-B611-9741A8A4348F}"
EndProject
Project("{FAE04EC0-301F-11D3-BF4B-00C04F79EFBC}") = "Infra.Data", "Infra.Data\Infra.Data.csproj", "{C9A392FF-F83F-46A5-93EA-2AC1AC424B45}"
EndProject
Global
	GlobalSection(SolutionConfigurationPlatforms) = preSolution
		Debug|Any CPU = Debug|Any CPU
		Release|Any CPU = Release|Any CPU
	EndGlobalSection
	GlobalSection(ProjectConfigurationPlatforms) = postSolution
		{CCADEABD-08DC-4CE0-BB4D-B13C3F6CC9BC}.Debug|Any CPU.ActiveCfg = Debug|Any CPU
		{CCADEABD-08DC-4CE0-BB4D-B13C3F6CC9BC}.Debug|Any CPU.Build.0 = Debug|Any CPU
		{CCADEABD-08DC-4CE0-BB4D-B13C3F6CC9BC}.Release|Any CPU.ActiveCfg = Release|Any CPU
		{CCADEABD-08DC-4CE0-BB4D-B13C3F6CC9BC}.Release|Any CPU.Build.0 = Release|Any CPU
		{581491DF-13D3-47B4-809C-1EBD40BE4C4C}.Debug|Any CPU.ActiveCfg = Debug|Any CPU
		{581491DF-13D3-47B4-809C-1EBD40BE4C4C}.Debug|Any CPU.Build.0 = Debug|Any CPU
		{581491DF-13D3-47B4-809C-1EBD40BE4C4C}.Release|Any CPU.ActiveCfg = Release|Any CPU
		{581491DF-13D3-47B4-809C-1EBD40BE4C4C}.Release|Any CPU.Build.0 = Release|Any CPU
		{C4285509-8F85-49CE-8BB5-1E653321026B}.Debug|Any CPU.ActiveCfg = Debug|Any CPU
		{C4285509-8F85-49CE-8BB5-1E653321026B}.Debug|Any CPU.Build.0 = Debug|Any CPU
		{C4285509-8F85-49CE-8BB5-1E653321026B}.Release|Any CPU.ActiveCfg = Release|Any CPU
		{C4285509-8F85-49CE-8BB5-1E653321026B}.Release|Any CPU.Build.0 = Release|Any CPU
		{4E83BA2E-55AB-4BDA-B611-9741A8A4348F}.Debug|Any CPU.ActiveCfg = Debug|Any CPU
		{4E83BA2E-55AB-4BDA-B611-9741A8A4348F}.Debug|Any CPU.Build.0 = Debug|Any CPU
		{4E83BA2E-55AB-4BDA-B611-9741A8A4348F}.Release|Any CPU.ActiveCfg = Release|Any CPU
		{4E83BA2E-55AB-4BDA-B611-9741A8A4348F}.Release|Any CPU.Build.0 = Release|Any CPU
		{C9A392FF-F83F-46A5-93EA-2AC1AC424B45}.Debug|Any CPU.ActiveCfg = Debug|Any CPU
		{C9A392FF-F83F-46A5-93EA-2AC1AC424B45}.Debug|Any CPU.Build.0 = Debug|Any CPU
		{C9A392FF-F83F-46A5-93EA-2AC1AC424B45}.Release|Any CPU.ActiveCfg = Release|Any CPU
		{C9A392FF-F83F-46A5-93EA-2AC1AC424B45}.Release|Any CPU.Build.0 = Release|Any CPU
	EndGlobalSection
	GlobalSection(SolutionProperties) = preSolution
		HideSolutionNode = FALSE
	EndGlobalSection
EndGlobal
